
Microsoft Visual Studio Solution File, Format Version 12.00
# Visual Studio Version 16
VisualStudioVersion = 16.0.29709.97
MinimumVisualStudioVersion = 10.0.40219.1
Project("{FAE04EC0-301F-11D3-BF4B-00C04F79EFBC}") = "3.10 Programming Exercise", "3.10 Programming Exercise\3.10 Programming Exercise.csproj", "{FF012D4A-9D8E-4175-BB8C-3B0198C8137D}"
EndProject
Global
	GlobalSection(SolutionConfigurationPlatforms) = preSolution
		Debug|Any CPU = Debug|Any CPU
		Release|Any CPU = Release|Any CPU
	EndGlobalSection
	GlobalSection(ProjectConfigurationPlatforms) = postSolution
		{FF012D4A-9D8E-4175-BB8C-3B0198C8137D}.Debug|Any CPU.ActiveCfg = Debug|Any CPU
		{FF012D4A-9D8E-4175-BB8C-3B0198C8137D}.Debug|Any CPU.Build.0 = Debug|Any CPU
		{FF012D4A-9D8E-4175-BB8C-3B0198C8137D}.Release|Any CPU.ActiveCfg = Release|Any CPU
		{FF012D4A-9D8E-4175-BB8C-3B0198C8137D}.Release|Any CPU.Build.0 = Release|Any CPU
	EndGlobalSection
	GlobalSection(SolutionProperties) = preSolution
		HideSolutionNode = FALSE
	EndGlobalSection
	GlobalSection(ExtensibilityGlobals) = postSolution
		SolutionGuid = {897A2E1C-9587-4C2C-9634-178AD5F77C43}
	EndGlobalSection
EndGlobal
